
Microsoft Visual Studio Solution File, Format Version 9.00
# Visual Studio 2005
Project("{F184B08F-C81C-45F6-A57F-5ABD9991F28F}") = "WebTest", "WebTest\WebTest.vbproj", "{E55EA3A5-D0E8-4AF6-9141-40870CC85997}"
	ProjectSection(WebsiteProperties) = preProject
		Debug.AspNetCompiler.Debug = "True"
		Release.AspNetCompiler.Debug = "False"
	EndProjectSection
EndProject
Project("{F184B08F-C81C-45F6-A57F-5ABD9991F28F}") = "WebTestConsumer", "WebTestConsumer\WebTestConsumer.vbproj", "{ECD4E78A-1421-4441-9F4D-AB78D360624B}"
	ProjectSection(WebsiteProperties) = preProject
		Debug.AspNetCompiler.Debug = "True"
		Release.AspNetCompiler.Debug = "False"
	EndProjectSection
EndProject
Project("{F184B08F-C81C-45F6-A57F-5ABD9991F28F}") = "WebTestConsole", "WebTestConsole\WebTestConsole.vbproj", "{DF7A74B4-FCCD-4D17-992F-DF71CDF07BE0}"
	ProjectSection(WebsiteProperties) = preProject
		Debug.AspNetCompiler.Debug = "True"
		Release.AspNetCompiler.Debug = "False"
	EndProjectSection
EndProject
Global
	GlobalSection(SolutionConfigurationPlatforms) = preSolution
		Debug|Any CPU = Debug|Any CPU
		Release|Any CPU = Release|Any CPU
	EndGlobalSection
	GlobalSection(ProjectConfigurationPlatforms) = postSolution
		{E55EA3A5-D0E8-4AF6-9141-40870CC85997}.Debug|Any CPU.ActiveCfg = Debug|Any CPU
		{E55EA3A5-D0E8-4AF6-9141-40870CC85997}.Debug|Any CPU.Build.0 = Debug|Any CPU
		{E55EA3A5-D0E8-4AF6-9141-40870CC85997}.Release|Any CPU.ActiveCfg = Release|Any CPU
		{E55EA3A5-D0E8-4AF6-9141-40870CC85997}.Release|Any CPU.Build.0 = Release|Any CPU
		{ECD4E78A-1421-4441-9F4D-AB78D360624B}.Debug|Any CPU.ActiveCfg = Debug|Any CPU
		{ECD4E78A-1421-4441-9F4D-AB78D360624B}.Debug|Any CPU.Build.0 = Debug|Any CPU
		{ECD4E78A-1421-4441-9F4D-AB78D360624B}.Release|Any CPU.ActiveCfg = Release|Any CPU
		{ECD4E78A-1421-4441-9F4D-AB78D360624B}.Release|Any CPU.Build.0 = Release|Any CPU
		{DF7A74B4-FCCD-4D17-992F-DF71CDF07BE0}.Debug|Any CPU.ActiveCfg = Debug|Any CPU
		{DF7A74B4-FCCD-4D17-992F-DF71CDF07BE0}.Debug|Any CPU.Build.0 = Debug|Any CPU
		{DF7A74B4-FCCD-4D17-992F-DF71CDF07BE0}.Release|Any CPU.ActiveCfg = Release|Any CPU
		{DF7A74B4-FCCD-4D17-992F-DF71CDF07BE0}.Release|Any CPU.Build.0 = Release|Any CPU
	EndGlobalSection
	GlobalSection(SolutionProperties) = preSolution
		HideSolutionNode = FALSE
	EndGlobalSection
EndGlobal
